
Microsoft Visual Studio Solution File, Format Version 12.00
# Visual Studio Version 17
VisualStudioVersion = 17.2.32616.157
MinimumVisualStudioVersion = 10.0.40219.1
Project("{FAE04EC0-301F-11D3-BF4B-00C04F79EFBC}") = "CalculatorHomeWork22", "CalculatorHomeWork22\CalculatorHomeWork22.csproj", "{5BDEEC62-7BD0-4621-A107-F6FDDD91B72C}"
EndProject
Global
	GlobalSection(SolutionConfigurationPlatforms) = preSolution
		Debug|Any CPU = Debug|Any CPU
		Release|Any CPU = Release|Any CPU
	EndGlobalSection
	GlobalSection(ProjectConfigurationPlatforms) = postSolution
		{5BDEEC62-7BD0-4621-A107-F6FDDD91B72C}.Debug|Any CPU.ActiveCfg = Debug|Any CPU
		{5BDEEC62-7BD0-4621-A107-F6FDDD91B72C}.Debug|Any CPU.Build.0 = Debug|Any CPU
		{5BDEEC62-7BD0-4621-A107-F6FDDD91B72C}.Release|Any CPU.ActiveCfg = Release|Any CPU
		{5BDEEC62-7BD0-4621-A107-F6FDDD91B72C}.Release|Any CPU.Build.0 = Release|Any CPU
	EndGlobalSection
	GlobalSection(SolutionProperties) = preSolution
		HideSolutionNode = FALSE
	EndGlobalSection
	GlobalSection(ExtensibilityGlobals) = postSolution
		SolutionGuid = {8136F834-2C4C-4EF9-86B6-9D268EE6896E}
	EndGlobalSection
EndGlobal
