
Microsoft Visual Studio Solution File, Format Version 12.00
# Visual Studio Version 17
VisualStudioVersion = 17.2.32616.157
MinimumVisualStudioVersion = 10.0.40219.1
Project("{FAE04EC0-301F-11D3-BF4B-00C04F79EFBC}") = "HomeWork14", "HomeWork14\HomeWork14.csproj", "{903F9B31-4947-41E6-85B9-0B059822587F}"
EndProject
Global
	GlobalSection(SolutionConfigurationPlatforms) = preSolution
		Debug|Any CPU = Debug|Any CPU
		Release|Any CPU = Release|Any CPU
	EndGlobalSection
	GlobalSection(ProjectConfigurationPlatforms) = postSolution
		{903F9B31-4947-41E6-85B9-0B059822587F}.Debug|Any CPU.ActiveCfg = Debug|Any CPU
		{903F9B31-4947-41E6-85B9-0B059822587F}.Debug|Any CPU.Build.0 = Debug|Any CPU
		{903F9B31-4947-41E6-85B9-0B059822587F}.Release|Any CPU.ActiveCfg = Release|Any CPU
		{903F9B31-4947-41E6-85B9-0B059822587F}.Release|Any CPU.Build.0 = Release|Any CPU
	EndGlobalSection
	GlobalSection(SolutionProperties) = preSolution
		HideSolutionNode = FALSE
	EndGlobalSection
	GlobalSection(ExtensibilityGlobals) = postSolution
		SolutionGuid = {0AC7FCCC-7391-418C-963B-EC95DFEE560A}
	EndGlobalSection
EndGlobal
