
Microsoft Visual Studio Solution File, Format Version 12.00
# Visual Studio Version 16
VisualStudioVersion = 16.0.31624.102
MinimumVisualStudioVersion = 10.0.40219.1
Project("{FAE04EC0-301F-11D3-BF4B-00C04F79EFBC}") = "Sigma_05.19", "Sigma_05.19.csproj", "{9A6F4F38-392F-4F1F-8F05-7C0C17C3FC24}"
EndProject
Global
	GlobalSection(SolutionConfigurationPlatforms) = preSolution
		Debug|Any CPU = Debug|Any CPU
		Release|Any CPU = Release|Any CPU
	EndGlobalSection
	GlobalSection(ProjectConfigurationPlatforms) = postSolution
		{9A6F4F38-392F-4F1F-8F05-7C0C17C3FC24}.Debug|Any CPU.ActiveCfg = Debug|Any CPU
		{9A6F4F38-392F-4F1F-8F05-7C0C17C3FC24}.Debug|Any CPU.Build.0 = Debug|Any CPU
		{9A6F4F38-392F-4F1F-8F05-7C0C17C3FC24}.Release|Any CPU.ActiveCfg = Release|Any CPU
		{9A6F4F38-392F-4F1F-8F05-7C0C17C3FC24}.Release|Any CPU.Build.0 = Release|Any CPU
	EndGlobalSection
	GlobalSection(SolutionProperties) = preSolution
		HideSolutionNode = FALSE
	EndGlobalSection
	GlobalSection(ExtensibilityGlobals) = postSolution
		SolutionGuid = {56437691-0EBB-4025-B871-1C0D8499D8FF}
	EndGlobalSection
EndGlobal
